
Microsoft Visual Studio Solution File, Format Version 12.00
# Visual Studio 2012
Project("{FAE04EC0-301F-11D3-BF4B-00C04F79EFBC}") = "FactoryProblem", "Factory\FactoryProblem.csproj", "{0F852FCD-802B-4A6F-824C-AF2CE6802F4C}"
EndProject
Project("{FAE04EC0-301F-11D3-BF4B-00C04F79EFBC}") = "SimpleFactorySolution", "FactorySolution\SimpleFactorySolution.csproj", "{7626006C-1150-4AC2-B5F5-2BFF7A573E83}"
EndProject
Project("{2150E333-8FDC-42A3-9474-1A3956D46DE8}") = "Factory", "Factory", "{9574E5A7-D4C5-4924-9CD9-B0870F8F1540}"
EndProject
Project("{2150E333-8FDC-42A3-9474-1A3956D46DE8}") = "Singleton", "Singleton", "{4F1FB699-6F40-4490-BF0A-C542F96BC224}"
EndProject
Project("{FAE04EC0-301F-11D3-BF4B-00C04F79EFBC}") = "Singleton", "Singleton\Singleton.csproj", "{3068A45E-1192-4D44-B08C-21D21DCDB5DD}"
EndProject
Project("{FAE04EC0-301F-11D3-BF4B-00C04F79EFBC}") = "FactoryMethod", "FactoryMethod\FactoryMethod.csproj", "{38182216-FC2E-4452-977E-9A3D9AAFE113}"
EndProject
Project("{FAE04EC0-301F-11D3-BF4B-00C04F79EFBC}") = "AbstractFactory", "AbstractFactory\AbstractFactory.csproj", "{752027AC-72EC-45A1-87F5-F65B7C8F9A1D}"
EndProject
Project("{2150E333-8FDC-42A3-9474-1A3956D46DE8}") = "Builder", "Builder", "{B0CFCA0A-5CC8-4C70-88CC-35A14AD6906D}"
EndProject
Project("{FAE04EC0-301F-11D3-BF4B-00C04F79EFBC}") = "BuilderProblem", "BuilderProblem\BuilderProblem.csproj", "{1D710D65-2578-4DA7-984B-0A33AA202EE3}"
EndProject
Project("{FAE04EC0-301F-11D3-BF4B-00C04F79EFBC}") = "BuilderSolution", "BuilderSolution\BuilderSolution.csproj", "{8DD9D73D-74FC-43DB-8CDD-B7DAB5FEA3E7}"
EndProject
Project("{2150E333-8FDC-42A3-9474-1A3956D46DE8}") = "Prototype", "Prototype", "{0E2B2DDC-93C3-4E19-8C51-1EB33ACD8450}"
EndProject
Project("{FAE04EC0-301F-11D3-BF4B-00C04F79EFBC}") = "PrototypeProblem", "PrototypeProblem\PrototypeProblem.csproj", "{9B69B4EF-3D9B-4E91-AC03-5BB33BAB3D38}"
EndProject
Project("{FAE04EC0-301F-11D3-BF4B-00C04F79EFBC}") = "PrototypeSolution", "PrototypeSolution\PrototypeSolution.csproj", "{C8C070FC-41DF-477A-B047-A7D5E467FD83}"
EndProject
Project("{2150E333-8FDC-42A3-9474-1A3956D46DE8}") = "Adapter", "Adapter", "{06F3F522-20FD-4852-9A9C-E2EF2CE15CFD}"
EndProject
Project("{FAE04EC0-301F-11D3-BF4B-00C04F79EFBC}") = "AdapterSolution", "AdapterSolution\AdapterSolution.csproj", "{9254AEFB-71A3-4038-B022-DD8FBAFCDBC6}"
EndProject
Project("{2150E333-8FDC-42A3-9474-1A3956D46DE8}") = "Composite", "Composite", "{23144015-BE8D-42C7-814B-6CFC99D1A091}"
EndProject
Project("{FAE04EC0-301F-11D3-BF4B-00C04F79EFBC}") = "CompositeSolution", "CompositeSolution\CompositeSolution.csproj", "{1A00745A-030E-4634-BA70-AB7EF632FD99}"
EndProject
Project("{2150E333-8FDC-42A3-9474-1A3956D46DE8}") = "Facade", "Facade", "{6DC4EE61-05FA-47AE-9C5D-A4E4063D5C97}"
EndProject
Project("{FAE04EC0-301F-11D3-BF4B-00C04F79EFBC}") = "FacadeSolution", "FacadeSolution\FacadeSolution.csproj", "{3DAFC7D7-7941-4023-8B19-E81C61BFCF8D}"
EndProject
Project("{2150E333-8FDC-42A3-9474-1A3956D46DE8}") = "Proxy", "Proxy", "{A215FA4F-83DC-41AA-B2C3-448D4721427B}"
EndProject
Project("{FAE04EC0-301F-11D3-BF4B-00C04F79EFBC}") = "ProxySolution", "ProxySolution\ProxySolution.csproj", "{9D7FC0A6-0511-46E7-8F59-2AE4EF70A870}"
EndProject
Project("{2150E333-8FDC-42A3-9474-1A3956D46DE8}") = "Command", "Command", "{7B9866EF-C236-46B5-9C6C-435E1921DAC5}"
EndProject
Project("{FAE04EC0-301F-11D3-BF4B-00C04F79EFBC}") = "CommandSolution", "CommandSolution\CommandSolution.csproj", "{88DCD374-77CB-4202-BBDC-F2BC9C44B595}"
EndProject
Project("{2150E333-8FDC-42A3-9474-1A3956D46DE8}") = "Iterator", "Iterator", "{4D9366AC-8668-437C-9509-822DEE1ED004}"
EndProject
Project("{FAE04EC0-301F-11D3-BF4B-00C04F79EFBC}") = "IteratorSolution", "IteratorSolution\IteratorSolution.csproj", "{B05E6D66-DB2B-42C9-B220-2FC2AEBEB078}"
EndProject
Project("{2150E333-8FDC-42A3-9474-1A3956D46DE8}") = "Observer", "Observer", "{F0232CAE-D428-418A-9C6C-D2563B595D88}"
EndProject
Project("{FAE04EC0-301F-11D3-BF4B-00C04F79EFBC}") = "ObserverSolution", "ObserverSolution\ObserverSolution.csproj", "{CC74E834-564D-44C5-9BA9-6450002ADC42}"
EndProject
Project("{2150E333-8FDC-42A3-9474-1A3956D46DE8}") = "Strategy", "Strategy", "{2D13ECBB-A07D-4146-BA20-39C55C9D9628}"
EndProject
Project("{FAE04EC0-301F-11D3-BF4B-00C04F79EFBC}") = "StrategySolution", "StrategySolution\StrategySolution.csproj", "{0C18D685-2877-4F02-879F-D21DC80A15AA}"
EndProject
Project("{FAE04EC0-301F-11D3-BF4B-00C04F79EFBC}") = "BuilderCarProblem", "BuilderCarSolution\BuilderCarProblem.csproj", "{519161B4-D4B6-49BB-BA38-0CB6B3EE26DF}"
EndProject
Project("{FAE04EC0-301F-11D3-BF4B-00C04F79EFBC}") = "ProtoTypeCustomerProblem", "ProtoTypeCustomerProblem\ProtoTypeCustomerProblem.csproj", "{3B42A4FE-A8DC-4EE0-A110-036E5F365271}"
EndProject
Project("{FAE04EC0-301F-11D3-BF4B-00C04F79EFBC}") = "PrototypeCustomerSolution", "PrototypeCustomerSolution\PrototypeCustomerSolution.csproj", "{957F618E-2A71-44D6-9303-94B9522FB95C}"
EndProject
Global
	GlobalSection(SolutionConfigurationPlatforms) = preSolution
		Debug|Any CPU = Debug|Any CPU
		Release|Any CPU = Release|Any CPU
	EndGlobalSection
	GlobalSection(ProjectConfigurationPlatforms) = postSolution
		{0F852FCD-802B-4A6F-824C-AF2CE6802F4C}.Debug|Any CPU.ActiveCfg = Debug|Any CPU
		{0F852FCD-802B-4A6F-824C-AF2CE6802F4C}.Debug|Any CPU.Build.0 = Debug|Any CPU
		{0F852FCD-802B-4A6F-824C-AF2CE6802F4C}.Release|Any CPU.ActiveCfg = Release|Any CPU
		{0F852FCD-802B-4A6F-824C-AF2CE6802F4C}.Release|Any CPU.Build.0 = Release|Any CPU
		{7626006C-1150-4AC2-B5F5-2BFF7A573E83}.Debug|Any CPU.ActiveCfg = Debug|Any CPU
		{7626006C-1150-4AC2-B5F5-2BFF7A573E83}.Debug|Any CPU.Build.0 = Debug|Any CPU
		{7626006C-1150-4AC2-B5F5-2BFF7A573E83}.Release|Any CPU.ActiveCfg = Release|Any CPU
		{7626006C-1150-4AC2-B5F5-2BFF7A573E83}.Release|Any CPU.Build.0 = Release|Any CPU
		{3068A45E-1192-4D44-B08C-21D21DCDB5DD}.Debug|Any CPU.ActiveCfg = Debug|Any CPU
		{3068A45E-1192-4D44-B08C-21D21DCDB5DD}.Debug|Any CPU.Build.0 = Debug|Any CPU
		{3068A45E-1192-4D44-B08C-21D21DCDB5DD}.Release|Any CPU.ActiveCfg = Release|Any CPU
		{3068A45E-1192-4D44-B08C-21D21DCDB5DD}.Release|Any CPU.Build.0 = Release|Any CPU
		{38182216-FC2E-4452-977E-9A3D9AAFE113}.Debug|Any CPU.ActiveCfg = Debug|Any CPU
		{38182216-FC2E-4452-977E-9A3D9AAFE113}.Debug|Any CPU.Build.0 = Debug|Any CPU
		{38182216-FC2E-4452-977E-9A3D9AAFE113}.Release|Any CPU.ActiveCfg = Release|Any CPU
		{38182216-FC2E-4452-977E-9A3D9AAFE113}.Release|Any CPU.Build.0 = Release|Any CPU
		{752027AC-72EC-45A1-87F5-F65B7C8F9A1D}.Debug|Any CPU.ActiveCfg = Debug|Any CPU
		{752027AC-72EC-45A1-87F5-F65B7C8F9A1D}.Debug|Any CPU.Build.0 = Debug|Any CPU
		{752027AC-72EC-45A1-87F5-F65B7C8F9A1D}.Release|Any CPU.ActiveCfg = Release|Any CPU
		{752027AC-72EC-45A1-87F5-F65B7C8F9A1D}.Release|Any CPU.Build.0 = Release|Any CPU
		{1D710D65-2578-4DA7-984B-0A33AA202EE3}.Debug|Any CPU.ActiveCfg = Debug|Any CPU
		{1D710D65-2578-4DA7-984B-0A33AA202EE3}.Debug|Any CPU.Build.0 = Debug|Any CPU
		{1D710D65-2578-4DA7-984B-0A33AA202EE3}.Release|Any CPU.ActiveCfg = Release|Any CPU
		{1D710D65-2578-4DA7-984B-0A33AA202EE3}.Release|Any CPU.Build.0 = Release|Any CPU
		{8DD9D73D-74FC-43DB-8CDD-B7DAB5FEA3E7}.Debug|Any CPU.ActiveCfg = Debug|Any CPU
		{8DD9D73D-74FC-43DB-8CDD-B7DAB5FEA3E7}.Debug|Any CPU.Build.0 = Debug|Any CPU
		{8DD9D73D-74FC-43DB-8CDD-B7DAB5FEA3E7}.Release|Any CPU.ActiveCfg = Release|Any CPU
		{8DD9D73D-74FC-43DB-8CDD-B7DAB5FEA3E7}.Release|Any CPU.Build.0 = Release|Any CPU
		{9B69B4EF-3D9B-4E91-AC03-5BB33BAB3D38}.Debug|Any CPU.ActiveCfg = Debug|Any CPU
		{9B69B4EF-3D9B-4E91-AC03-5BB33BAB3D38}.Debug|Any CPU.Build.0 = Debug|Any CPU
		{9B69B4EF-3D9B-4E91-AC03-5BB33BAB3D38}.Release|Any CPU.ActiveCfg = Release|Any CPU
		{9B69B4EF-3D9B-4E91-AC03-5BB33BAB3D38}.Release|Any CPU.Build.0 = Release|Any CPU
		{C8C070FC-41DF-477A-B047-A7D5E467FD83}.Debug|Any CPU.ActiveCfg = Debug|Any CPU
		{C8C070FC-41DF-477A-B047-A7D5E467FD83}.Debug|Any CPU.Build.0 = Debug|Any CPU
		{C8C070FC-41DF-477A-B047-A7D5E467FD83}.Release|Any CPU.ActiveCfg = Release|Any CPU
		{C8C070FC-41DF-477A-B047-A7D5E467FD83}.Release|Any CPU.Build.0 = Release|Any CPU
		{9254AEFB-71A3-4038-B022-DD8FBAFCDBC6}.Debug|Any CPU.ActiveCfg = Debug|Any CPU
		{9254AEFB-71A3-4038-B022-DD8FBAFCDBC6}.Debug|Any CPU.Build.0 = Debug|Any CPU
		{9254AEFB-71A3-4038-B022-DD8FBAFCDBC6}.Release|Any CPU.ActiveCfg = Release|Any CPU
		{9254AEFB-71A3-4038-B022-DD8FBAFCDBC6}.Release|Any CPU.Build.0 = Release|Any CPU
		{1A00745A-030E-4634-BA70-AB7EF632FD99}.Debug|Any CPU.ActiveCfg = Debug|Any CPU
		{1A00745A-030E-4634-BA70-AB7EF632FD99}.Debug|Any CPU.Build.0 = Debug|Any CPU
		{1A00745A-030E-4634-BA70-AB7EF632FD99}.Release|Any CPU.ActiveCfg = Release|Any CPU
		{1A00745A-030E-4634-BA70-AB7EF632FD99}.Release|Any CPU.Build.0 = Release|Any CPU
		{3DAFC7D7-7941-4023-8B19-E81C61BFCF8D}.Debug|Any CPU.ActiveCfg = Debug|Any CPU
		{3DAFC7D7-7941-4023-8B19-E81C61BFCF8D}.Debug|Any CPU.Build.0 = Debug|Any CPU
		{3DAFC7D7-7941-4023-8B19-E81C61BFCF8D}.Release|Any CPU.ActiveCfg = Release|Any CPU
		{3DAFC7D7-7941-4023-8B19-E81C61BFCF8D}.Release|Any CPU.Build.0 = Release|Any CPU
		{9D7FC0A6-0511-46E7-8F59-2AE4EF70A870}.Debug|Any CPU.ActiveCfg = Debug|Any CPU
		{9D7FC0A6-0511-46E7-8F59-2AE4EF70A870}.Debug|Any CPU.Build.0 = Debug|Any CPU
		{9D7FC0A6-0511-46E7-8F59-2AE4EF70A870}.Release|Any CPU.ActiveCfg = Release|Any CPU
		{9D7FC0A6-0511-46E7-8F59-2AE4EF70A870}.Release|Any CPU.Build.0 = Release|Any CPU
		{88DCD374-77CB-4202-BBDC-F2BC9C44B595}.Debug|Any CPU.ActiveCfg = Debug|Any CPU
		{88DCD374-77CB-4202-BBDC-F2BC9C44B595}.Debug|Any CPU.Build.0 = Debug|Any CPU
		{88DCD374-77CB-4202-BBDC-F2BC9C44B595}.Release|Any CPU.ActiveCfg = Release|Any CPU
		{88DCD374-77CB-4202-BBDC-F2BC9C44B595}.Release|Any CPU.Build.0 = Release|Any CPU
		{B05E6D66-DB2B-42C9-B220-2FC2AEBEB078}.Debug|Any CPU.ActiveCfg = Debug|Any CPU
		{B05E6D66-DB2B-42C9-B220-2FC2AEBEB078}.Debug|Any CPU.Build.0 = Debug|Any CPU
		{B05E6D66-DB2B-42C9-B220-2FC2AEBEB078}.Release|Any CPU.ActiveCfg = Release|Any CPU
		{B05E6D66-DB2B-42C9-B220-2FC2AEBEB078}.Release|Any CPU.Build.0 = Release|Any CPU
		{CC74E834-564D-44C5-9BA9-6450002ADC42}.Debug|Any CPU.ActiveCfg = Debug|Any CPU
		{CC74E834-564D-44C5-9BA9-6450002ADC42}.Debug|Any CPU.Build.0 = Debug|Any CPU
		{CC74E834-564D-44C5-9BA9-6450002ADC42}.Release|Any CPU.ActiveCfg = Release|Any CPU
		{CC74E834-564D-44C5-9BA9-6450002ADC42}.Release|Any CPU.Build.0 = Release|Any CPU
		{0C18D685-2877-4F02-879F-D21DC80A15AA}.Debug|Any CPU.ActiveCfg = Debug|Any CPU
		{0C18D685-2877-4F02-879F-D21DC80A15AA}.Debug|Any CPU.Build.0 = Debug|Any CPU
		{0C18D685-2877-4F02-879F-D21DC80A15AA}.Release|Any CPU.ActiveCfg = Release|Any CPU
		{0C18D685-2877-4F02-879F-D21DC80A15AA}.Release|Any CPU.Build.0 = Release|Any CPU
		{519161B4-D4B6-49BB-BA38-0CB6B3EE26DF}.Debug|Any CPU.ActiveCfg = Debug|Any CPU
		{519161B4-D4B6-49BB-BA38-0CB6B3EE26DF}.Debug|Any CPU.Build.0 = Debug|Any CPU
		{519161B4-D4B6-49BB-BA38-0CB6B3EE26DF}.Release|Any CPU.ActiveCfg = Release|Any CPU
		{519161B4-D4B6-49BB-BA38-0CB6B3EE26DF}.Release|Any CPU.Build.0 = Release|Any CPU
		{3B42A4FE-A8DC-4EE0-A110-036E5F365271}.Debug|Any CPU.ActiveCfg = Debug|Any CPU
		{3B42A4FE-A8DC-4EE0-A110-036E5F365271}.Debug|Any CPU.Build.0 = Debug|Any CPU
		{3B42A4FE-A8DC-4EE0-A110-036E5F365271}.Release|Any CPU.ActiveCfg = Release|Any CPU
		{3B42A4FE-A8DC-4EE0-A110-036E5F365271}.Release|Any CPU.Build.0 = Release|Any CPU
		{957F618E-2A71-44D6-9303-94B9522FB95C}.Debug|Any CPU.ActiveCfg = Debug|Any CPU
		{957F618E-2A71-44D6-9303-94B9522FB95C}.Debug|Any CPU.Build.0 = Debug|Any CPU
		{957F618E-2A71-44D6-9303-94B9522FB95C}.Release|Any CPU.ActiveCfg = Release|Any CPU
		{957F618E-2A71-44D6-9303-94B9522FB95C}.Release|Any CPU.Build.0 = Release|Any CPU
	EndGlobalSection
	GlobalSection(SolutionProperties) = preSolution
		HideSolutionNode = FALSE
	EndGlobalSection
	GlobalSection(NestedProjects) = preSolution
		{7626006C-1150-4AC2-B5F5-2BFF7A573E83} = {9574E5A7-D4C5-4924-9CD9-B0870F8F1540}
		{0F852FCD-802B-4A6F-824C-AF2CE6802F4C} = {9574E5A7-D4C5-4924-9CD9-B0870F8F1540}
		{38182216-FC2E-4452-977E-9A3D9AAFE113} = {9574E5A7-D4C5-4924-9CD9-B0870F8F1540}
		{752027AC-72EC-45A1-87F5-F65B7C8F9A1D} = {9574E5A7-D4C5-4924-9CD9-B0870F8F1540}
		{3068A45E-1192-4D44-B08C-21D21DCDB5DD} = {4F1FB699-6F40-4490-BF0A-C542F96BC224}
		{1D710D65-2578-4DA7-984B-0A33AA202EE3} = {B0CFCA0A-5CC8-4C70-88CC-35A14AD6906D}
		{8DD9D73D-74FC-43DB-8CDD-B7DAB5FEA3E7} = {B0CFCA0A-5CC8-4C70-88CC-35A14AD6906D}
		{519161B4-D4B6-49BB-BA38-0CB6B3EE26DF} = {B0CFCA0A-5CC8-4C70-88CC-35A14AD6906D}
		{9B69B4EF-3D9B-4E91-AC03-5BB33BAB3D38} = {0E2B2DDC-93C3-4E19-8C51-1EB33ACD8450}
		{C8C070FC-41DF-477A-B047-A7D5E467FD83} = {0E2B2DDC-93C3-4E19-8C51-1EB33ACD8450}
		{3B42A4FE-A8DC-4EE0-A110-036E5F365271} = {0E2B2DDC-93C3-4E19-8C51-1EB33ACD8450}
		{957F618E-2A71-44D6-9303-94B9522FB95C} = {0E2B2DDC-93C3-4E19-8C51-1EB33ACD8450}
		{9254AEFB-71A3-4038-B022-DD8FBAFCDBC6} = {06F3F522-20FD-4852-9A9C-E2EF2CE15CFD}
		{1A00745A-030E-4634-BA70-AB7EF632FD99} = {23144015-BE8D-42C7-814B-6CFC99D1A091}
		{3DAFC7D7-7941-4023-8B19-E81C61BFCF8D} = {6DC4EE61-05FA-47AE-9C5D-A4E4063D5C97}
		{9D7FC0A6-0511-46E7-8F59-2AE4EF70A870} = {A215FA4F-83DC-41AA-B2C3-448D4721427B}
		{88DCD374-77CB-4202-BBDC-F2BC9C44B595} = {7B9866EF-C236-46B5-9C6C-435E1921DAC5}
		{B05E6D66-DB2B-42C9-B220-2FC2AEBEB078} = {4D9366AC-8668-437C-9509-822DEE1ED004}
		{CC74E834-564D-44C5-9BA9-6450002ADC42} = {F0232CAE-D428-418A-9C6C-D2563B595D88}
		{0C18D685-2877-4F02-879F-D21DC80A15AA} = {2D13ECBB-A07D-4146-BA20-39C55C9D9628}
	EndGlobalSection
EndGlobal
